
Microsoft Visual Studio Solution File, Format Version 12.00
# Visual Studio Version 17
VisualStudioVersion = 17.5.002.0
MinimumVisualStudioVersion = 10.0.40219.1
Project("{9A19103F-16F7-4668-BE54-9A1E7A4F7556}") = "EditorsChoicePlugin", "EditorsChoicePlugin\EditorsChoicePlugin.csproj", "{5A1BD3CF-E2B9-48F9-820D-FB009A4B4821}"
EndProject
Global
	GlobalSection(SolutionConfigurationPlatforms) = preSolution
		Debug|Any CPU = Debug|Any CPU
		Release|Any CPU = Release|Any CPU
	EndGlobalSection
	GlobalSection(ProjectConfigurationPlatforms) = postSolution
		{5A1BD3CF-E2B9-48F9-820D-FB009A4B4821}.Debug|Any CPU.ActiveCfg = Debug|Any CPU
		{5A1BD3CF-E2B9-48F9-820D-FB009A4B4821}.Debug|Any CPU.Build.0 = Debug|Any CPU
		{5A1BD3CF-E2B9-48F9-820D-FB009A4B4821}.Release|Any CPU.ActiveCfg = Release|Any CPU
		{5A1BD3CF-E2B9-48F9-820D-FB009A4B4821}.Release|Any CPU.Build.0 = Release|Any CPU
	EndGlobalSection
	GlobalSection(SolutionProperties) = preSolution
		HideSolutionNode = FALSE
	EndGlobalSection
	GlobalSection(ExtensibilityGlobals) = postSolution
		SolutionGuid = {B5C98953-95C5-4830-894D-1D6D76F5E35C}
	EndGlobalSection
EndGlobal
